
Microsoft Visual Studio Solution File, Format Version 12.00
# Visual Studio Version 16
VisualStudioVersion = 16.0.30330.147
MinimumVisualStudioVersion = 10.0.40219.1
Project("{9A19103F-16F7-4668-BE54-9A1E7A4F7556}") = "Atividade1", "Atividade1\Atividade1.csproj", "{D511CB8F-1ED2-46E9-A7EE-D7FBD848C1F7}"
EndProject
Global
	GlobalSection(SolutionConfigurationPlatforms) = preSolution
		Debug|Any CPU = Debug|Any CPU
		Release|Any CPU = Release|Any CPU
	EndGlobalSection
	GlobalSection(ProjectConfigurationPlatforms) = postSolution
		{D511CB8F-1ED2-46E9-A7EE-D7FBD848C1F7}.Debug|Any CPU.ActiveCfg = Debug|Any CPU
		{D511CB8F-1ED2-46E9-A7EE-D7FBD848C1F7}.Debug|Any CPU.Build.0 = Debug|Any CPU
		{D511CB8F-1ED2-46E9-A7EE-D7FBD848C1F7}.Release|Any CPU.ActiveCfg = Release|Any CPU
		{D511CB8F-1ED2-46E9-A7EE-D7FBD848C1F7}.Release|Any CPU.Build.0 = Release|Any CPU
	EndGlobalSection
	GlobalSection(SolutionProperties) = preSolution
		HideSolutionNode = FALSE
	EndGlobalSection
	GlobalSection(ExtensibilityGlobals) = postSolution
		SolutionGuid = {914AA947-D76F-4002-A6AC-4CEBB5B06026}
	EndGlobalSection
EndGlobal
